
Microsoft Visual Studio Solution File, Format Version 12.00
# Visual Studio 15
VisualStudioVersion = 15.0.28010.2026
MinimumVisualStudioVersion = 10.0.40219.1
Project("{FAE04EC0-301F-11D3-BF4B-00C04F79EFBC}") = "VidaSilvestre.Android", "VidaSilvestre\VidaSilvestre.Android\VidaSilvestre.Android.csproj", "{DE47CD5A-FB54-4263-84B7-6ED5DFA344EC}"
EndProject
Project("{FAE04EC0-301F-11D3-BF4B-00C04F79EFBC}") = "VidaSilvestre.iOS", "VidaSilvestre\VidaSilvestre.iOS\VidaSilvestre.iOS.csproj", "{6B446AEC-5F15-48AD-B7B4-E124F660163B}"
EndProject
Project("{FAE04EC0-301F-11D3-BF4B-00C04F79EFBC}") = "VidaSilvestre", "VidaSilvestre\VidaSilvestre\VidaSilvestre.csproj", "{FED4B39F-69AC-4E65-B981-BA789D2F2C6E}"
EndProject
Global
	GlobalSection(SolutionConfigurationPlatforms) = preSolution
		Ad-Hoc|Any CPU = Ad-Hoc|Any CPU
		Ad-Hoc|iPhone = Ad-Hoc|iPhone
		Ad-Hoc|iPhoneSimulator = Ad-Hoc|iPhoneSimulator
		AppStore|Any CPU = AppStore|Any CPU
		AppStore|iPhone = AppStore|iPhone
		AppStore|iPhoneSimulator = AppStore|iPhoneSimulator
		Debug|Any CPU = Debug|Any CPU
		Debug|iPhone = Debug|iPhone
		Debug|iPhoneSimulator = Debug|iPhoneSimulator
		Release|Any CPU = Release|Any CPU
		Release|iPhone = Release|iPhone
		Release|iPhoneSimulator = Release|iPhoneSimulator
	EndGlobalSection
	GlobalSection(ProjectConfigurationPlatforms) = postSolution
		{DE47CD5A-FB54-4263-84B7-6ED5DFA344EC}.Ad-Hoc|Any CPU.ActiveCfg = Release|Any CPU
		{DE47CD5A-FB54-4263-84B7-6ED5DFA344EC}.Ad-Hoc|Any CPU.Build.0 = Release|Any CPU
		{DE47CD5A-FB54-4263-84B7-6ED5DFA344EC}.Ad-Hoc|Any CPU.Deploy.0 = Release|Any CPU
		{DE47CD5A-FB54-4263-84B7-6ED5DFA344EC}.Ad-Hoc|iPhone.ActiveCfg = Release|Any CPU
		{DE47CD5A-FB54-4263-84B7-6ED5DFA344EC}.Ad-Hoc|iPhone.Build.0 = Release|Any CPU
		{DE47CD5A-FB54-4263-84B7-6ED5DFA344EC}.Ad-Hoc|iPhone.Deploy.0 = Release|Any CPU
		{DE47CD5A-FB54-4263-84B7-6ED5DFA344EC}.Ad-Hoc|iPhoneSimulator.ActiveCfg = Release|Any CPU
		{DE47CD5A-FB54-4263-84B7-6ED5DFA344EC}.Ad-Hoc|iPhoneSimulator.Build.0 = Release|Any CPU
		{DE47CD5A-FB54-4263-84B7-6ED5DFA344EC}.Ad-Hoc|iPhoneSimulator.Deploy.0 = Release|Any CPU
		{DE47CD5A-FB54-4263-84B7-6ED5DFA344EC}.AppStore|Any CPU.ActiveCfg = Release|Any CPU
		{DE47CD5A-FB54-4263-84B7-6ED5DFA344EC}.AppStore|Any CPU.Build.0 = Release|Any CPU
		{DE47CD5A-FB54-4263-84B7-6ED5DFA344EC}.AppStore|Any CPU.Deploy.0 = Release|Any CPU
		{DE47CD5A-FB54-4263-84B7-6ED5DFA344EC}.AppStore|iPhone.ActiveCfg = Release|Any CPU
		{DE47CD5A-FB54-4263-84B7-6ED5DFA344EC}.AppStore|iPhone.Build.0 = Release|Any CPU
		{DE47CD5A-FB54-4263-84B7-6ED5DFA344EC}.AppStore|iPhone.Deploy.0 = Release|Any CPU
		{DE47CD5A-FB54-4263-84B7-6ED5DFA344EC}.AppStore|iPhoneSimulator.ActiveCfg = Release|Any CPU
		{DE47CD5A-FB54-4263-84B7-6ED5DFA344EC}.AppStore|iPhoneSimulator.Build.0 = Release|Any CPU
		{DE47CD5A-FB54-4263-84B7-6ED5DFA344EC}.AppStore|iPhoneSimulator.Deploy.0 = Release|Any CPU
		{DE47CD5A-FB54-4263-84B7-6ED5DFA344EC}.Debug|Any CPU.ActiveCfg = Debug|Any CPU
		{DE47CD5A-FB54-4263-84B7-6ED5DFA344EC}.Debug|Any CPU.Build.0 = Debug|Any CPU
		{DE47CD5A-FB54-4263-84B7-6ED5DFA344EC}.Debug|Any CPU.Deploy.0 = Debug|Any CPU
		{DE47CD5A-FB54-4263-84B7-6ED5DFA344EC}.Debug|iPhone.ActiveCfg = Debug|Any CPU
		{DE47CD5A-FB54-4263-84B7-6ED5DFA344EC}.Debug|iPhone.Build.0 = Debug|Any CPU
		{DE47CD5A-FB54-4263-84B7-6ED5DFA344EC}.Debug|iPhone.Deploy.0 = Debug|Any CPU
		{DE47CD5A-FB54-4263-84B7-6ED5DFA344EC}.Debug|iPhoneSimulator.ActiveCfg = Debug|Any CPU
		{DE47CD5A-FB54-4263-84B7-6ED5DFA344EC}.Debug|iPhoneSimulator.Build.0 = Debug|Any CPU
		{DE47CD5A-FB54-4263-84B7-6ED5DFA344EC}.Debug|iPhoneSimulator.Deploy.0 = Debug|Any CPU
		{DE47CD5A-FB54-4263-84B7-6ED5DFA344EC}.Release|Any CPU.ActiveCfg = Release|Any CPU
		{DE47CD5A-FB54-4263-84B7-6ED5DFA344EC}.Release|Any CPU.Build.0 = Release|Any CPU
		{DE47CD5A-FB54-4263-84B7-6ED5DFA344EC}.Release|Any CPU.Deploy.0 = Release|Any CPU
		{DE47CD5A-FB54-4263-84B7-6ED5DFA344EC}.Release|iPhone.ActiveCfg = Release|Any CPU
		{DE47CD5A-FB54-4263-84B7-6ED5DFA344EC}.Release|iPhone.Build.0 = Release|Any CPU
		{DE47CD5A-FB54-4263-84B7-6ED5DFA344EC}.Release|iPhone.Deploy.0 = Release|Any CPU
		{DE47CD5A-FB54-4263-84B7-6ED5DFA344EC}.Release|iPhoneSimulator.ActiveCfg = Release|Any CPU
		{DE47CD5A-FB54-4263-84B7-6ED5DFA344EC}.Release|iPhoneSimulator.Build.0 = Release|Any CPU
		{DE47CD5A-FB54-4263-84B7-6ED5DFA344EC}.Release|iPhoneSimulator.Deploy.0 = Release|Any CPU
		{6B446AEC-5F15-48AD-B7B4-E124F660163B}.Ad-Hoc|Any CPU.ActiveCfg = Ad-Hoc|iPhone
		{6B446AEC-5F15-48AD-B7B4-E124F660163B}.Ad-Hoc|Any CPU.Build.0 = Ad-Hoc|iPhone
		{6B446AEC-5F15-48AD-B7B4-E124F660163B}.Ad-Hoc|Any CPU.Deploy.0 = Ad-Hoc|iPhone
		{6B446AEC-5F15-48AD-B7B4-E124F660163B}.Ad-Hoc|iPhone.ActiveCfg = Ad-Hoc|iPhone
		{6B446AEC-5F15-48AD-B7B4-E124F660163B}.Ad-Hoc|iPhone.Build.0 = Ad-Hoc|iPhone
		{6B446AEC-5F15-48AD-B7B4-E124F660163B}.Ad-Hoc|iPhone.Deploy.0 = Ad-Hoc|iPhone
		{6B446AEC-5F15-48AD-B7B4-E124F660163B}.Ad-Hoc|iPhoneSimulator.ActiveCfg = Ad-Hoc|iPhoneSimulator
		{6B446AEC-5F15-48AD-B7B4-E124F660163B}.Ad-Hoc|iPhoneSimulator.Build.0 = Ad-Hoc|iPhoneSimulator
		{6B446AEC-5F15-48AD-B7B4-E124F660163B}.Ad-Hoc|iPhoneSimulator.Deploy.0 = Ad-Hoc|iPhoneSimulator
		{6B446AEC-5F15-48AD-B7B4-E124F660163B}.AppStore|Any CPU.ActiveCfg = AppStore|iPhone
		{6B446AEC-5F15-48AD-B7B4-E124F660163B}.AppStore|Any CPU.Build.0 = AppStore|iPhone
		{6B446AEC-5F15-48AD-B7B4-E124F660163B}.AppStore|Any CPU.Deploy.0 = AppStore|iPhone
		{6B446AEC-5F15-48AD-B7B4-E124F660163B}.AppStore|iPhone.ActiveCfg = AppStore|iPhone
		{6B446AEC-5F15-48AD-B7B4-E124F660163B}.AppStore|iPhone.Build.0 = AppStore|iPhone
		{6B446AEC-5F15-48AD-B7B4-E124F660163B}.AppStore|iPhone.Deploy.0 = AppStore|iPhone
		{6B446AEC-5F15-48AD-B7B4-E124F660163B}.AppStore|iPhoneSimulator.ActiveCfg = AppStore|iPhoneSimulator
		{6B446AEC-5F15-48AD-B7B4-E124F660163B}.AppStore|iPhoneSimulator.Build.0 = AppStore|iPhoneSimulator
		{6B446AEC-5F15-48AD-B7B4-E124F660163B}.AppStore|iPhoneSimulator.Deploy.0 = AppStore|iPhoneSimulator
		{6B446AEC-5F15-48AD-B7B4-E124F660163B}.Debug|Any CPU.ActiveCfg = Debug|iPhoneSimulator
		{6B446AEC-5F15-48AD-B7B4-E124F660163B}.Debug|Any CPU.Build.0 = Debug|iPhoneSimulator
		{6B446AEC-5F15-48AD-B7B4-E124F660163B}.Debug|Any CPU.Deploy.0 = Debug|iPhoneSimulator
		{6B446AEC-5F15-48AD-B7B4-E124F660163B}.Debug|iPhone.ActiveCfg = Debug|iPhone
		{6B446AEC-5F15-48AD-B7B4-E124F660163B}.Debug|iPhone.Build.0 = Debug|iPhone
		{6B446AEC-5F15-48AD-B7B4-E124F660163B}.Debug|iPhone.Deploy.0 = Debug|iPhone
		{6B446AEC-5F15-48AD-B7B4-E124F660163B}.Debug|iPhoneSimulator.ActiveCfg = Debug|iPhoneSimulator
		{6B446AEC-5F15-48AD-B7B4-E124F660163B}.Debug|iPhoneSimulator.Build.0 = Debug|iPhoneSimulator
		{6B446AEC-5F15-48AD-B7B4-E124F660163B}.Debug|iPhoneSimulator.Deploy.0 = Debug|iPhoneSimulator
		{6B446AEC-5F15-48AD-B7B4-E124F660163B}.Release|Any CPU.ActiveCfg = Release|iPhone
		{6B446AEC-5F15-48AD-B7B4-E124F660163B}.Release|Any CPU.Build.0 = Release|iPhone
		{6B446AEC-5F15-48AD-B7B4-E124F660163B}.Release|Any CPU.Deploy.0 = Release|iPhone
		{6B446AEC-5F15-48AD-B7B4-E124F660163B}.Release|iPhone.ActiveCfg = Release|iPhone
		{6B446AEC-5F15-48AD-B7B4-E124F660163B}.Release|iPhone.Build.0 = Release|iPhone
		{6B446AEC-5F15-48AD-B7B4-E124F660163B}.Release|iPhone.Deploy.0 = Release|iPhone
		{6B446AEC-5F15-48AD-B7B4-E124F660163B}.Release|iPhoneSimulator.ActiveCfg = Release|iPhoneSimulator
		{6B446AEC-5F15-48AD-B7B4-E124F660163B}.Release|iPhoneSimulator.Build.0 = Release|iPhoneSimulator
		{6B446AEC-5F15-48AD-B7B4-E124F660163B}.Release|iPhoneSimulator.Deploy.0 = Release|iPhoneSimulator
		{FED4B39F-69AC-4E65-B981-BA789D2F2C6E}.Ad-Hoc|Any CPU.ActiveCfg = Debug|Any CPU
		{FED4B39F-69AC-4E65-B981-BA789D2F2C6E}.Ad-Hoc|Any CPU.Build.0 = Debug|Any CPU
		{FED4B39F-69AC-4E65-B981-BA789D2F2C6E}.Ad-Hoc|Any CPU.Deploy.0 = Debug|Any CPU
		{FED4B39F-69AC-4E65-B981-BA789D2F2C6E}.Ad-Hoc|iPhone.ActiveCfg = Debug|Any CPU
		{FED4B39F-69AC-4E65-B981-BA789D2F2C6E}.Ad-Hoc|iPhone.Build.0 = Debug|Any CPU
		{FED4B39F-69AC-4E65-B981-BA789D2F2C6E}.Ad-Hoc|iPhone.Deploy.0 = Debug|Any CPU
		{FED4B39F-69AC-4E65-B981-BA789D2F2C6E}.Ad-Hoc|iPhoneSimulator.ActiveCfg = Debug|Any CPU
		{FED4B39F-69AC-4E65-B981-BA789D2F2C6E}.Ad-Hoc|iPhoneSimulator.Build.0 = Debug|Any CPU
		{FED4B39F-69AC-4E65-B981-BA789D2F2C6E}.Ad-Hoc|iPhoneSimulator.Deploy.0 = Debug|Any CPU
		{FED4B39F-69AC-4E65-B981-BA789D2F2C6E}.AppStore|Any CPU.ActiveCfg = Debug|Any CPU
		{FED4B39F-69AC-4E65-B981-BA789D2F2C6E}.AppStore|Any CPU.Build.0 = Debug|Any CPU
		{FED4B39F-69AC-4E65-B981-BA789D2F2C6E}.AppStore|Any CPU.Deploy.0 = Debug|Any CPU
		{FED4B39F-69AC-4E65-B981-BA789D2F2C6E}.AppStore|iPhone.ActiveCfg = Debug|Any CPU
		{FED4B39F-69AC-4E65-B981-BA789D2F2C6E}.AppStore|iPhone.Build.0 = Debug|Any CPU
		{FED4B39F-69AC-4E65-B981-BA789D2F2C6E}.AppStore|iPhone.Deploy.0 = Debug|Any CPU
		{FED4B39F-69AC-4E65-B981-BA789D2F2C6E}.AppStore|iPhoneSimulator.ActiveCfg = Debug|Any CPU
		{FED4B39F-69AC-4E65-B981-BA789D2F2C6E}.AppStore|iPhoneSimulator.Build.0 = Debug|Any CPU
		{FED4B39F-69AC-4E65-B981-BA789D2F2C6E}.AppStore|iPhoneSimulator.Deploy.0 = Debug|Any CPU
		{FED4B39F-69AC-4E65-B981-BA789D2F2C6E}.Debug|Any CPU.ActiveCfg = Debug|Any CPU
		{FED4B39F-69AC-4E65-B981-BA789D2F2C6E}.Debug|Any CPU.Build.0 = Debug|Any CPU
		{FED4B39F-69AC-4E65-B981-BA789D2F2C6E}.Debug|Any CPU.Deploy.0 = Debug|Any CPU
		{FED4B39F-69AC-4E65-B981-BA789D2F2C6E}.Debug|iPhone.ActiveCfg = Debug|Any CPU
		{FED4B39F-69AC-4E65-B981-BA789D2F2C6E}.Debug|iPhone.Build.0 = Debug|Any CPU
		{FED4B39F-69AC-4E65-B981-BA789D2F2C6E}.Debug|iPhone.Deploy.0 = Debug|Any CPU
		{FED4B39F-69AC-4E65-B981-BA789D2F2C6E}.Debug|iPhoneSimulator.ActiveCfg = Debug|Any CPU
		{FED4B39F-69AC-4E65-B981-BA789D2F2C6E}.Debug|iPhoneSimulator.Build.0 = Debug|Any CPU
		{FED4B39F-69AC-4E65-B981-BA789D2F2C6E}.Debug|iPhoneSimulator.Deploy.0 = Debug|Any CPU
		{FED4B39F-69AC-4E65-B981-BA789D2F2C6E}.Release|Any CPU.ActiveCfg = Release|Any CPU
		{FED4B39F-69AC-4E65-B981-BA789D2F2C6E}.Release|Any CPU.Build.0 = Release|Any CPU
		{FED4B39F-69AC-4E65-B981-BA789D2F2C6E}.Release|Any CPU.Deploy.0 = Release|Any CPU
		{FED4B39F-69AC-4E65-B981-BA789D2F2C6E}.Release|iPhone.ActiveCfg = Release|Any CPU
		{FED4B39F-69AC-4E65-B981-BA789D2F2C6E}.Release|iPhone.Build.0 = Release|Any CPU
		{FED4B39F-69AC-4E65-B981-BA789D2F2C6E}.Release|iPhone.Deploy.0 = Release|Any CPU
		{FED4B39F-69AC-4E65-B981-BA789D2F2C6E}.Release|iPhoneSimulator.ActiveCfg = Release|Any CPU
		{FED4B39F-69AC-4E65-B981-BA789D2F2C6E}.Release|iPhoneSimulator.Build.0 = Release|Any CPU
		{FED4B39F-69AC-4E65-B981-BA789D2F2C6E}.Release|iPhoneSimulator.Deploy.0 = Release|Any CPU
	EndGlobalSection
	GlobalSection(SolutionProperties) = preSolution
		HideSolutionNode = FALSE
	EndGlobalSection
	GlobalSection(ExtensibilityGlobals) = postSolution
		SolutionGuid = {D834F958-5275-4FCD-9F1C-3CEBCB7C99D2}
	EndGlobalSection
EndGlobal
